{
  "name": "e_ostanko_diplom",
  "version": "1.0.0",
  "lockfileVersion": 2,
  "requires": true,
  "packages": {
    "": {
      "name": "e_ostanko_diplom",
      "version": "1.0.0",
      "license": "ISC",
      "dependencies": {
        "frappe-gantt": "^0.6.1",
        "jquery": "^3.6.0"
      }
    },
    "node_modules/frappe-gantt": {
      "version": "0.6.1",
      "resolved": "https://registry.npmjs.org/frappe-gantt/-/frappe-gantt-0.6.1.tgz",
      "integrity": "sha512-1cSU9vLbwypjzaxnCfnEE03Xr3HlAV2S8dRtjxw62o+amkx1A8bBIFd2jp84mcDdTCM77Ij4LzZBslAKZB8oMg=="
    },
    "node_modules/jquery": {
      "version": "3.6.0",
      "resolved": "https://registry.npmjs.org/jquery/-/jquery-3.6.0.tgz",
      "integrity": "sha512-JVzAR/AjBvVt2BmYhxRCSYysDsPcssdmTFnzyLEts9qNwmjmu4JTAMYubEfwVOSwpQ1I1sKKFcxhZCI2buerfw=="
    }
  },
  "dependencies": {
    "frappe-gantt": {
      "version": "0.6.1",
      "resolved": "https://registry.npmjs.org/frappe-gantt/-/frappe-gantt-0.6.1.tgz",
      "integrity": "sha512-1cSU9vLbwypjzaxnCfnEE03Xr3HlAV2S8dRtjxw62o+amkx1A8bBIFd2jp84mcDdTCM77Ij4LzZBslAKZB8oMg=="
    },
    "jquery": {
      "version": "3.6.0",
      "resolved": "https://registry.npmjs.org/jquery/-/jquery-3.6.0.tgz",
      "integrity": "sha512-JVzAR/AjBvVt2BmYhxRCSYysDsPcssdmTFnzyLEts9qNwmjmu4JTAMYubEfwVOSwpQ1I1sKKFcxhZCI2buerfw=="
    }
  }
}
